// !$*UTF8*$!
{
	archiveVersion = 1;
	classes = {
	};
	objectVersion = 56;
	objects = {

/* Begin PBXBuildFile section */
		845C733B2AA3685C00EE531E /* WeatherApp_ASTONApp.swift in Sources */ = {isa = PBXBuildFile; fileRef = 845C733A2AA3685C00EE531E /* WeatherApp_ASTONApp.swift */; };
		845C733D2AA3685C00EE531E /* ContentView.swift in Sources */ = {isa = PBXBuildFile; fileRef = 845C733C2AA3685C00EE531E /* ContentView.swift */; };
		845C733F2AA3685E00EE531E /* Assets.xcassets in Resources */ = {isa = PBXBuildFile; fileRef = 845C733E2AA3685E00EE531E /* Assets.xcassets */; };
		845C73422AA3685E00EE531E /* Preview Assets.xcassets in Resources */ = {isa = PBXBuildFile; fileRef = 845C73412AA3685E00EE531E /* Preview Assets.xcassets */; };
		845C734D2AA36C7400EE531E /* API+Ext.swift in Sources */ = {isa = PBXBuildFile; fileRef = 845C734C2AA36C7400EE531E /* API+Ext.swift */; };
		845C734F2AA36C8800EE531E /* API.swift in Sources */ = {isa = PBXBuildFile; fileRef = 845C734E2AA36C8800EE531E /* API.swift */; };
		84EB190B2AA36DD9005BB0FF /* NetworkManager.swift in Sources */ = {isa = PBXBuildFile; fileRef = 84EB190A2AA36DD9005BB0FF /* NetworkManager.swift */; };
		84EB190D2AA4A839005BB0FF /* WeatherResponse.swift in Sources */ = {isa = PBXBuildFile; fileRef = 84EB190C2AA4A839005BB0FF /* WeatherResponse.swift */; };
		84EB190F2AA4A8AC005BB0FF /* WeatherDetail.swift in Sources */ = {isa = PBXBuildFile; fileRef = 84EB190E2AA4A8AC005BB0FF /* WeatherDetail.swift */; };
		84EB19112AA4A900005BB0FF /* Weather.swift in Sources */ = {isa = PBXBuildFile; fileRef = 84EB19102AA4A900005BB0FF /* Weather.swift */; };
		84EB19132AA4AE5F005BB0FF /* DailyWeather.swift in Sources */ = {isa = PBXBuildFile; fileRef = 84EB19122AA4AE5F005BB0FF /* DailyWeather.swift */; };
		84EB19152AA4F8F9005BB0FF /* Temperature.swift in Sources */ = {isa = PBXBuildFile; fileRef = 84EB19142AA4F8F9005BB0FF /* Temperature.swift */; };
		84EB19172AA4FF13005BB0FF /* CityVM.swift in Sources */ = {isa = PBXBuildFile; fileRef = 84EB19162AA4FF13005BB0FF /* CityVM.swift */; };
		84EB9A782AA5D38400AE3B7A /* MenuHeader.swift in Sources */ = {isa = PBXBuildFile; fileRef = 84EB9A772AA5D38400AE3B7A /* MenuHeader.swift */; };
		84EB9A7A2AA5D51A00AE3B7A /* CityNameView.swift in Sources */ = {isa = PBXBuildFile; fileRef = 84EB9A792AA5D51A00AE3B7A /* CityNameView.swift */; };
		84EB9A7C2AA5D66100AE3B7A /* TodayWeatherView.swift in Sources */ = {isa = PBXBuildFile; fileRef = 84EB9A7B2AA5D66100AE3B7A /* TodayWeatherView.swift */; };
/* End PBXBuildFile section */

/* Begin PBXFileReference section */
		845C73372AA3685C00EE531E /* WeatherApp_ASTON.app */ = {isa = PBXFileReference; explicitFileType = wrapper.application; includeInIndex = 0; path = WeatherApp_ASTON.app; sourceTree = BUILT_PRODUCTS_DIR; };
		845C733A2AA3685C00EE531E /* WeatherApp_ASTONApp.swift */ = {isa = PBXFileReference; lastKnownFileType = sourcecode.swift; path = WeatherApp_ASTONApp.swift; sourceTree = "<group>"; };
		845C733C2AA3685C00EE531E /* ContentView.swift */ = {isa = PBXFileReference; lastKnownFileType = sourcecode.swift; path = ContentView.swift; sourceTree = "<group>"; };
		845C733E2AA3685E00EE531E /* Assets.xcassets */ = {isa = PBXFileReference; lastKnownFileType = folder.assetcatalog; path = Assets.xcassets; sourceTree = "<group>"; };
		845C73412AA3685E00EE531E /* Preview Assets.xcassets */ = {isa = PBXFileReference; lastKnownFileType = folder.assetcatalog; path = "Preview Assets.xcassets"; sourceTree = "<group>"; };
		845C734C2AA36C7400EE531E /* API+Ext.swift */ = {isa = PBXFileReference; lastKnownFileType = sourcecode.swift; path = "API+Ext.swift"; sourceTree = "<group>"; };
		845C734E2AA36C8800EE531E /* API.swift */ = {isa = PBXFileReference; lastKnownFileType = sourcecode.swift; path = API.swift; sourceTree = "<group>"; };
		84EB190A2AA36DD9005BB0FF /* NetworkManager.swift */ = {isa = PBXFileReference; lastKnownFileType = sourcecode.swift; path = NetworkManager.swift; sourceTree = "<group>"; };
		84EB190C2AA4A839005BB0FF /* WeatherResponse.swift */ = {isa = PBXFileReference; lastKnownFileType = sourcecode.swift; path = WeatherResponse.swift; sourceTree = "<group>"; };
		84EB190E2AA4A8AC005BB0FF /* WeatherDetail.swift */ = {isa = PBXFileReference; lastKnownFileType = sourcecode.swift; path = WeatherDetail.swift; sourceTree = "<group>"; };
		84EB19102AA4A900005BB0FF /* Weather.swift */ = {isa = PBXFileReference; lastKnownFileType = sourcecode.swift; path = Weather.swift; sourceTree = "<group>"; };
		84EB19122AA4AE5F005BB0FF /* DailyWeather.swift */ = {isa = PBXFileReference; lastKnownFileType = sourcecode.swift; path = DailyWeather.swift; sourceTree = "<group>"; };
		84EB19142AA4F8F9005BB0FF /* Temperature.swift */ = {isa = PBXFileReference; lastKnownFileType = sourcecode.swift; path = Temperature.swift; sourceTree = "<group>"; };
		84EB19162AA4FF13005BB0FF /* CityVM.swift */ = {isa = PBXFileReference; lastKnownFileType = sourcecode.swift; path = CityVM.swift; sourceTree = "<group>"; };
		84EB9A772AA5D38400AE3B7A /* MenuHeader.swift */ = {isa = PBXFileReference; lastKnownFileType = sourcecode.swift; path = MenuHeader.swift; sourceTree = "<group>"; };
		84EB9A792AA5D51A00AE3B7A /* CityNameView.swift */ = {isa = PBXFileReference; lastKnownFileType = sourcecode.swift; path = CityNameView.swift; sourceTree = "<group>"; };
		84EB9A7B2AA5D66100AE3B7A /* TodayWeatherView.swift */ = {isa = PBXFileReference; lastKnownFileType = sourcecode.swift; path = TodayWeatherView.swift; sourceTree = "<group>"; };
/* End PBXFileReference section */

/* Begin PBXFrameworksBuildPhase section */
		845C73342AA3685C00EE531E /* Frameworks */ = {
			isa = PBXFrameworksBuildPhase;
			buildActionMask = 2147483647;
			files = (
			);
			runOnlyForDeploymentPostprocessing = 0;
		};
/* End PBXFrameworksBuildPhase section */

/* Begin PBXGroup section */
		845C732E2AA3685C00EE531E = {
			isa = PBXGroup;
			children = (
				845C73392AA3685C00EE531E /* WeatherApp_ASTON */,
				845C73382AA3685C00EE531E /* Products */,
			);
			sourceTree = "<group>";
		};
		845C73382AA3685C00EE531E /* Products */ = {
			isa = PBXGroup;
			children = (
				845C73372AA3685C00EE531E /* WeatherApp_ASTON.app */,
			);
			name = Products;
			sourceTree = "<group>";
		};
		845C73392AA3685C00EE531E /* WeatherApp_ASTON */ = {
			isa = PBXGroup;
			children = (
				845C734B2AA36BB300EE531E /* ViewModels */,
				845C734A2AA36BAD00EE531E /* Views */,
				845C73492AA36B9B00EE531E /* Models */,
				845C73482AA36B9200EE531E /* Networking */,
				845C733A2AA3685C00EE531E /* WeatherApp_ASTONApp.swift */,
				845C733C2AA3685C00EE531E /* ContentView.swift */,
				845C733E2AA3685E00EE531E /* Assets.xcassets */,
				845C73402AA3685E00EE531E /* Preview Content */,
			);
			path = WeatherApp_ASTON;
			sourceTree = "<group>";
		};
		845C73402AA3685E00EE531E /* Preview Content */ = {
			isa = PBXGroup;
			children = (
				845C73412AA3685E00EE531E /* Preview Assets.xcassets */,
			);
			path = "Preview Content";
			sourceTree = "<group>";
		};
		845C73482AA36B9200EE531E /* Networking */ = {
			isa = PBXGroup;
			children = (
				845C734C2AA36C7400EE531E /* API+Ext.swift */,
				845C734E2AA36C8800EE531E /* API.swift */,
				84EB190A2AA36DD9005BB0FF /* NetworkManager.swift */,
			);
			path = Networking;
			sourceTree = "<group>";
		};
		845C73492AA36B9B00EE531E /* Models */ = {
			isa = PBXGroup;
			children = (
				84EB190C2AA4A839005BB0FF /* WeatherResponse.swift */,
				84EB190E2AA4A8AC005BB0FF /* WeatherDetail.swift */,
				84EB19102AA4A900005BB0FF /* Weather.swift */,
				84EB19122AA4AE5F005BB0FF /* DailyWeather.swift */,
				84EB19142AA4F8F9005BB0FF /* Temperature.swift */,
			);
			path = Models;
			sourceTree = "<group>";
		};
		845C734A2AA36BAD00EE531E /* Views */ = {
			isa = PBXGroup;
			children = (
				84EB9A772AA5D38400AE3B7A /* MenuHeader.swift */,
				84EB9A792AA5D51A00AE3B7A /* CityNameView.swift */,
				84EB9A7B2AA5D66100AE3B7A /* TodayWeatherView.swift */,
			);
			path = Views;
			sourceTree = "<group>";
		};
		845C734B2AA36BB300EE531E /* ViewModels */ = {
			isa = PBXGroup;
			children = (
				84EB19162AA4FF13005BB0FF /* CityVM.swift */,
			);
			path = ViewModels;
			sourceTree = "<group>";
		};
/* End PBXGroup section */

/* Begin PBXNativeTarget section */
		845C73362AA3685C00EE531E /* WeatherApp_ASTON */ = {
			isa = PBXNativeTarget;
			buildConfigurationList = 845C73452AA3685E00EE531E /* Build configuration list for PBXNativeTarget "WeatherApp_ASTON" */;
			buildPhases = (
				845C73332AA3685C00EE531E /* Sources */,
				845C73342AA3685C00EE531E /* Frameworks */,
				845C73352AA3685C00EE531E /* Resources */,
			);
			buildRules = (
			);
			dependencies = (
			);
			name = WeatherApp_ASTON;
			packageProductDependencies = (
			);
			productName = WeatherApp_ASTON;
			productReference = 845C73372AA3685C00EE531E /* WeatherApp_ASTON.app */;
			productType = "com.apple.product-type.application";
		};
/* End PBXNativeTarget section */

/* Begin PBXProject section */
		845C732F2AA3685C00EE531E /* Project object */ = {
			isa = PBXProject;
			attributes = {
				BuildIndependentTargetsInParallel = 1;
				LastSwiftUpdateCheck = 1430;
				LastUpgradeCheck = 1430;
				TargetAttributes = {
					845C73362AA3685C00EE531E = {
						CreatedOnToolsVersion = 14.3;
					};
				};
			};
			buildConfigurationList = 845C73322AA3685C00EE531E /* Build configuration list for PBXProject "WeatherApp_ASTON" */;
			compatibilityVersion = "Xcode 14.0";
			developmentRegion = en;
			hasScannedForEncodings = 0;
			knownRegions = (
				en,
				Base,
			);
			mainGroup = 845C732E2AA3685C00EE531E;
			packageReferences = (
			);
			productRefGroup = 845C73382AA3685C00EE531E /* Products */;
			projectDirPath = "";
			projectRoot = "";
			targets = (
				845C73362AA3685C00EE531E /* WeatherApp_ASTON */,
			);
		};
/* End PBXProject section */

/* Begin PBXResourcesBuildPhase section */
		845C73352AA3685C00EE531E /* Resources */ = {
			isa = PBXResourcesBuildPhase;
			buildActionMask = 2147483647;
			files = (
				845C73422AA3685E00EE531E /* Preview Assets.xcassets in Resources */,
				845C733F2AA3685E00EE531E /* Assets.xcassets in Resources */,
			);
			runOnlyForDeploymentPostprocessing = 0;
		};
/* End PBXResourcesBuildPhase section */

/* Begin PBXSourcesBuildPhase section */
		845C73332AA3685C00EE531E /* Sources */ = {
			isa = PBXSourcesBuildPhase;
			buildActionMask = 2147483647;
			files = (
				84EB19112AA4A900005BB0FF /* Weather.swift in Sources */,
				84EB19172AA4FF13005BB0FF /* CityVM.swift in Sources */,
				845C733D2AA3685C00EE531E /* ContentView.swift in Sources */,
				84EB190D2AA4A839005BB0FF /* WeatherResponse.swift in Sources */,
				84EB190F2AA4A8AC005BB0FF /* WeatherDetail.swift in Sources */,
				845C734D2AA36C7400EE531E /* API+Ext.swift in Sources */,
				84EB190B2AA36DD9005BB0FF /* NetworkManager.swift in Sources */,
				845C734F2AA36C8800EE531E /* API.swift in Sources */,
				845C733B2AA3685C00EE531E /* WeatherApp_ASTONApp.swift in Sources */,
				84EB9A7C2AA5D66100AE3B7A /* TodayWeatherView.swift in Sources */,
				84EB9A782AA5D38400AE3B7A /* MenuHeader.swift in Sources */,
				84EB19152AA4F8F9005BB0FF /* Temperature.swift in Sources */,
				84EB19132AA4AE5F005BB0FF /* DailyWeather.swift in Sources */,
				84EB9A7A2AA5D51A00AE3B7A /* CityNameView.swift in Sources */,
			);
			runOnlyForDeploymentPostprocessing = 0;
		};
/* End PBXSourcesBuildPhase section */

/* Begin XCBuildConfiguration section */
		845C73432AA3685E00EE531E /* Debug */ = {
			isa = XCBuildConfiguration;
			buildSettings = {
				ALWAYS_SEARCH_USER_PATHS = NO;
				CLANG_ANALYZER_NONNULL = YES;
				CLANG_ANALYZER_NUMBER_OBJECT_CONVERSION = YES_AGGRESSIVE;
				CLANG_CXX_LANGUAGE_STANDARD = "gnu++20";
				CLANG_ENABLE_MODULES = YES;
				CLANG_ENABLE_OBJC_ARC = YES;
				CLANG_ENABLE_OBJC_WEAK = YES;
				CLANG_WARN_BLOCK_CAPTURE_AUTORELEASING = YES;
				CLANG_WARN_BOOL_CONVERSION = YES;
				CLANG_WARN_COMMA = YES;
				CLANG_WARN_CONSTANT_CONVERSION = YES;
				CLANG_WARN_DEPRECATED_OBJC_IMPLEMENTATIONS = YES;
				CLANG_WARN_DIRECT_OBJC_ISA_USAGE = YES_ERROR;
				CLANG_WARN_DOCUMENTATION_COMMENTS = YES;
				CLANG_WARN_EMPTY_BODY = YES;
				CLANG_WARN_ENUM_CONVERSION = YES;
				CLANG_WARN_INFINITE_RECURSION = YES;
				CLANG_WARN_INT_CONVERSION = YES;
				CLANG_WARN_NON_LITERAL_NULL_CONVERSION = YES;
				CLANG_WARN_OBJC_IMPLICIT_RETAIN_SELF = YES;
				CLANG_WARN_OBJC_LITERAL_CONVERSION = YES;
				CLANG_WARN_OBJC_ROOT_CLASS = YES_ERROR;
				CLANG_WARN_QUOTED_INCLUDE_IN_FRAMEWORK_HEADER = YES;
				CLANG_WARN_RANGE_LOOP_ANALYSIS = YES;
				CLANG_WARN_STRICT_PROTOTYPES = YES;
				CLANG_WARN_SUSPICIOUS_MOVE = YES;
				CLANG_WARN_UNGUARDED_AVAILABILITY = YES_AGGRESSIVE;
				CLANG_WARN_UNREACHABLE_CODE = YES;
				CLANG_WARN__DUPLICATE_METHOD_MATCH = YES;
				COPY_PHASE_STRIP = NO;
				DEBUG_INFORMATION_FORMAT = dwarf;
				ENABLE_STRICT_OBJC_MSGSEND = YES;
				ENABLE_TESTABILITY = YES;
				GCC_C_LANGUAGE_STANDARD = gnu11;
				GCC_DYNAMIC_NO_PIC = NO;
				GCC_NO_COMMON_BLOCKS = YES;
				GCC_OPTIMIZATION_LEVEL = 0;
				GCC_PREPROCESSOR_DEFINITIONS = (
					"DEBUG=1",
					"$(inherited)",
				);
				GCC_WARN_64_TO_32_BIT_CONVERSION = YES;
				GCC_WARN_ABOUT_RETURN_TYPE = YES_ERROR;
				GCC_WARN_UNDECLARED_SELECTOR = YES;
				GCC_WARN_UNINITIALIZED_AUTOS = YES_AGGRESSIVE;
				GCC_WARN_UNUSED_FUNCTION = YES;
				GCC_WARN_UNUSED_VARIABLE = YES;
				IPHONEOS_DEPLOYMENT_TARGET = 16.4;
				MTL_ENABLE_DEBUG_INFO = INCLUDE_SOURCE;
				MTL_FAST_MATH = YES;
				ONLY_ACTIVE_ARCH = YES;
				SDKROOT = iphoneos;
				SWIFT_ACTIVE_COMPILATION_CONDITIONS = DEBUG;
				SWIFT_OPTIMIZATION_LEVEL = "-Onone";
			};
			name = Debug;
		};
		845C73442AA3685E00EE531E /* Release */ = {
			isa = XCBuildConfiguration;
			buildSettings = {
				ALWAYS_SEARCH_USER_PATHS = NO;
				CLANG_ANALYZER_NONNULL = YES;
				CLANG_ANALYZER_NUMBER_OBJECT_CONVERSION = YES_AGGRESSIVE;
				CLANG_CXX_LANGUAGE_STANDARD = "gnu++20";
				CLANG_ENABLE_MODULES = YES;
				CLANG_ENABLE_OBJC_ARC = YES;
				CLANG_ENABLE_OBJC_WEAK = YES;
				CLANG_WARN_BLOCK_CAPTURE_AUTORELEASING = YES;
				CLANG_WARN_BOOL_CONVERSION = YES;
				CLANG_WARN_COMMA = YES;
				CLANG_WARN_CONSTANT_CONVERSION = YES;
				CLANG_WARN_DEPRECATED_OBJC_IMPLEMENTATIONS = YES;
				CLANG_WARN_DIRECT_OBJC_ISA_USAGE = YES_ERROR;
				CLANG_WARN_DOCUMENTATION_COMMENTS = YES;
				CLANG_WARN_EMPTY_BODY = YES;
				CLANG_WARN_ENUM_CONVERSION = YES;
				CLANG_WARN_INFINITE_RECURSION = YES;
				CLANG_WARN_INT_CONVERSION = YES;
				CLANG_WARN_NON_LITERAL_NULL_CONVERSION = YES;
				CLANG_WARN_OBJC_IMPLICIT_RETAIN_SELF = YES;
				CLANG_WARN_OBJC_LITERAL_CONVERSION = YES;
				CLANG_WARN_OBJC_ROOT_CLASS = YES_ERROR;
				CLANG_WARN_QUOTED_INCLUDE_IN_FRAMEWORK_HEADER = YES;
				CLANG_WARN_RANGE_LOOP_ANALYSIS = YES;
				CLANG_WARN_STRICT_PROTOTYPES = YES;
				CLANG_WARN_SUSPICIOUS_MOVE = YES;
				CLANG_WARN_UNGUARDED_AVAILABILITY = YES_AGGRESSIVE;
				CLANG_WARN_UNREACHABLE_CODE = YES;
				CLANG_WARN__DUPLICATE_METHOD_MATCH = YES;
				COPY_PHASE_STRIP = NO;
				DEBUG_INFORMATION_FORMAT = "dwarf-with-dsym";
				ENABLE_NS_ASSERTIONS = NO;
				ENABLE_STRICT_OBJC_MSGSEND = YES;
				GCC_C_LANGUAGE_STANDARD = gnu11;
				GCC_NO_COMMON_BLOCKS = YES;
				GCC_WARN_64_TO_32_BIT_CONVERSION = YES;
				GCC_WARN_ABOUT_RETURN_TYPE = YES_ERROR;
				GCC_WARN_UNDECLARED_SELECTOR = YES;
				GCC_WARN_UNINITIALIZED_AUTOS = YES_AGGRESSIVE;
				GCC_WARN_UNUSED_FUNCTION = YES;
				GCC_WARN_UNUSED_VARIABLE = YES;
				IPHONEOS_DEPLOYMENT_TARGET = 16.4;
				MTL_ENABLE_DEBUG_INFO = NO;
				MTL_FAST_MATH = YES;
				SDKROOT = iphoneos;
				SWIFT_COMPILATION_MODE = wholemodule;
				SWIFT_OPTIMIZATION_LEVEL = "-O";
				VALIDATE_PRODUCT = YES;
			};
			name = Release;
		};
		845C73462AA3685E00EE531E /* Debug */ = {
			isa = XCBuildConfiguration;
			buildSettings = {
				ASSETCATALOG_COMPILER_APPICON_NAME = AppIcon;
				ASSETCATALOG_COMPILER_GLOBAL_ACCENT_COLOR_NAME = AccentColor;
				CODE_SIGN_STYLE = Automatic;
				CURRENT_PROJECT_VERSION = 1;
				DEVELOPMENT_ASSET_PATHS = "\"WeatherApp_ASTON/Preview Content\"";
				ENABLE_PREVIEWS = YES;
				GENERATE_INFOPLIST_FILE = YES;
				INFOPLIST_KEY_UIApplicationSceneManifest_Generation = YES;
				INFOPLIST_KEY_UIApplicationSupportsIndirectInputEvents = YES;
				INFOPLIST_KEY_UILaunchScreen_Generation = YES;
				INFOPLIST_KEY_UISupportedInterfaceOrientations_iPad = "UIInterfaceOrientationPortrait UIInterfaceOrientationPortraitUpsideDown UIInterfaceOrientationLandscapeLeft UIInterfaceOrientationLandscapeRight";
				INFOPLIST_KEY_UISupportedInterfaceOrientations_iPhone = "UIInterfaceOrientationPortrait UIInterfaceOrientationLandscapeLeft UIInterfaceOrientationLandscapeRight";
				LD_RUNPATH_SEARCH_PATHS = (
					"$(inherited)",
					"@executable_path/Frameworks",
				);
				MARKETING_VERSION = 1.0;
				PRODUCT_BUNDLE_IDENTIFIER = "com.ArinLi.WeatherApp-ASTON";
				PRODUCT_NAME = "$(TARGET_NAME)";
				SWIFT_EMIT_LOC_STRINGS = YES;
				SWIFT_VERSION = 5.0;
				TARGETED_DEVICE_FAMILY = "1,2";
			};
			name = Debug;
		};
		845C73472AA3685E00EE531E /* Release */ = {
			isa = XCBuildConfiguration;
			buildSettings = {
				ASSETCATALOG_COMPILER_APPICON_NAME = AppIcon;
				ASSETCATALOG_COMPILER_GLOBAL_ACCENT_COLOR_NAME = AccentColor;
				CODE_SIGN_STYLE = Automatic;
				CURRENT_PROJECT_VERSION = 1;
				DEVELOPMENT_ASSET_PATHS = "\"WeatherApp_ASTON/Preview Content\"";
				ENABLE_PREVIEWS = YES;
				GENERATE_INFOPLIST_FILE = YES;
				INFOPLIST_KEY_UIApplicationSceneManifest_Generation = YES;
				INFOPLIST_KEY_UIApplicationSupportsIndirectInputEvents = YES;
				INFOPLIST_KEY_UILaunchScreen_Generation = YES;
				INFOPLIST_KEY_UISupportedInterfaceOrientations_iPad = "UIInterfaceOrientationPortrait UIInterfaceOrientationPortraitUpsideDown UIInterfaceOrientationLandscapeLeft UIInterfaceOrientationLandscapeRight";
				INFOPLIST_KEY_UISupportedInterfaceOrientations_iPhone = "UIInterfaceOrientationPortrait UIInterfaceOrientationLandscapeLeft UIInterfaceOrientationLandscapeRight";
				LD_RUNPATH_SEARCH_PATHS = (
					"$(inherited)",
					"@executable_path/Frameworks",
				);
				MARKETING_VERSION = 1.0;
				PRODUCT_BUNDLE_IDENTIFIER = "com.ArinLi.WeatherApp-ASTON";
				PRODUCT_NAME = "$(TARGET_NAME)";
				SWIFT_EMIT_LOC_STRINGS = YES;
				SWIFT_VERSION = 5.0;
				TARGETED_DEVICE_FAMILY = "1,2";
			};
			name = Release;
		};
/* End XCBuildConfiguration section */

/* Begin XCConfigurationList section */
		845C73322AA3685C00EE531E /* Build configuration list for PBXProject "WeatherApp_ASTON" */ = {
			isa = XCConfigurationList;
			buildConfigurations = (
				845C73432AA3685E00EE531E /* Debug */,
				845C73442AA3685E00EE531E /* Release */,
			);
			defaultConfigurationIsVisible = 0;
			defaultConfigurationName = Release;
		};
		845C73452AA3685E00EE531E /* Build configuration list for PBXNativeTarget "WeatherApp_ASTON" */ = {
			isa = XCConfigurationList;
			buildConfigurations = (
				845C73462AA3685E00EE531E /* Debug */,
				845C73472AA3685E00EE531E /* Release */,
			);
			defaultConfigurationIsVisible = 0;
			defaultConfigurationName = Release;
		};
/* End XCConfigurationList section */
	};
	rootObject = 845C732F2AA3685C00EE531E /* Project object */;
}
